
Microsoft Visual Studio Solution File, Format Version 12.00
# Visual Studio 15
VisualStudioVersion = 15.0.28307.271
MinimumVisualStudioVersion = 10.0.40219.1
Project("{FAE04EC0-301F-11D3-BF4B-00C04F79EFBC}") = "EasyHookSample", "EasyHookSample\EasyHookSample.csproj", "{98312BC4-9046-452C-B893-64624B7289B6}"
EndProject
Project("{FAE04EC0-301F-11D3-BF4B-00C04F79EFBC}") = "HookLib", "HookLib\HookLib.csproj", "{0B1F5339-12FD-4EB1-B366-0D8C3B5F5BF5}"
EndProject
Global
	GlobalSection(SolutionConfigurationPlatforms) = preSolution
		Debug|Any CPU = Debug|Any CPU
		Release|Any CPU = Release|Any CPU
	EndGlobalSection
	GlobalSection(ProjectConfigurationPlatforms) = postSolution
		{98312BC4-9046-452C-B893-64624B7289B6}.Debug|Any CPU.ActiveCfg = Debug|Any CPU
		{98312BC4-9046-452C-B893-64624B7289B6}.Debug|Any CPU.Build.0 = Debug|Any CPU
		{98312BC4-9046-452C-B893-64624B7289B6}.Release|Any CPU.ActiveCfg = Release|Any CPU
		{98312BC4-9046-452C-B893-64624B7289B6}.Release|Any CPU.Build.0 = Release|Any CPU
		{0B1F5339-12FD-4EB1-B366-0D8C3B5F5BF5}.Debug|Any CPU.ActiveCfg = Debug|Any CPU
		{0B1F5339-12FD-4EB1-B366-0D8C3B5F5BF5}.Debug|Any CPU.Build.0 = Debug|Any CPU
		{0B1F5339-12FD-4EB1-B366-0D8C3B5F5BF5}.Release|Any CPU.ActiveCfg = Release|Any CPU
		{0B1F5339-12FD-4EB1-B366-0D8C3B5F5BF5}.Release|Any CPU.Build.0 = Release|Any CPU
	EndGlobalSection
	GlobalSection(SolutionProperties) = preSolution
		HideSolutionNode = FALSE
	EndGlobalSection
	GlobalSection(ExtensibilityGlobals) = postSolution
		SolutionGuid = {95E2DFBB-2FB4-4A0E-BA6F-510291C0D422}
	EndGlobalSection
EndGlobal
